
Microsoft Visual Studio Solution File, Format Version 12.00
# Visual Studio Version 16
VisualStudioVersion = 16.0.30621.155
MinimumVisualStudioVersion = 10.0.40219.1
Project("{FAE04EC0-301F-11D3-BF4B-00C04F79EFBC}") = "Aula01.Programa01", "Aula01.Programa01\Aula01.Programa01.csproj", "{0B7AD5DB-1F64-4621-B7B0-3892B039F776}"
EndProject
Project("{FAE04EC0-301F-11D3-BF4B-00C04F79EFBC}") = "Aula01.Programa02", "Aula01.Programa02\Aula01.Programa02.csproj", "{42CED315-2A92-41D7-9FA7-7D74AC8410EF}"
EndProject
Project("{FAE04EC0-301F-11D3-BF4B-00C04F79EFBC}") = "Aula01.Exercicio05", "Aula01.Exercicio05\Aula01.Exercicio05.csproj", "{FFAED37F-E8F1-4CA7-9C54-A1B71F756FBA}"
EndProject
Project("{FAE04EC0-301F-11D3-BF4B-00C04F79EFBC}") = "Aula01.Exercicio06", "Aula01.Exercicio06\Aula01.Exercicio06.csproj", "{86338F04-D451-4A94-994E-9BBA115DCF37}"
EndProject
Project("{FAE04EC0-301F-11D3-BF4B-00C04F79EFBC}") = "Aula01.Exercicio07", "Aula01.Exercicio07\Aula01.Exercicio07.csproj", "{3A105A29-EAF6-4533-B5C8-560FE431DE5F}"
EndProject
Project("{FAE04EC0-301F-11D3-BF4B-00C04F79EFBC}") = "Aula01.exercicio08", "Aula01.exercicio08\Aula01.exercicio08.csproj", "{C5E50E7C-AD14-4014-A2DB-2F88F9283961}"
EndProject
Project("{FAE04EC0-301F-11D3-BF4B-00C04F79EFBC}") = "Aula01.Desafio", "Aula01.Desafio\Aula01.Desafio.csproj", "{956F2C3D-3D6A-4894-8F4B-06685CFA129A}"
EndProject
Global
	GlobalSection(SolutionConfigurationPlatforms) = preSolution
		Debug|Any CPU = Debug|Any CPU
		Release|Any CPU = Release|Any CPU
	EndGlobalSection
	GlobalSection(ProjectConfigurationPlatforms) = postSolution
		{0B7AD5DB-1F64-4621-B7B0-3892B039F776}.Debug|Any CPU.ActiveCfg = Debug|Any CPU
		{0B7AD5DB-1F64-4621-B7B0-3892B039F776}.Debug|Any CPU.Build.0 = Debug|Any CPU
		{0B7AD5DB-1F64-4621-B7B0-3892B039F776}.Release|Any CPU.ActiveCfg = Release|Any CPU
		{0B7AD5DB-1F64-4621-B7B0-3892B039F776}.Release|Any CPU.Build.0 = Release|Any CPU
		{42CED315-2A92-41D7-9FA7-7D74AC8410EF}.Debug|Any CPU.ActiveCfg = Debug|Any CPU
		{42CED315-2A92-41D7-9FA7-7D74AC8410EF}.Debug|Any CPU.Build.0 = Debug|Any CPU
		{42CED315-2A92-41D7-9FA7-7D74AC8410EF}.Release|Any CPU.ActiveCfg = Release|Any CPU
		{42CED315-2A92-41D7-9FA7-7D74AC8410EF}.Release|Any CPU.Build.0 = Release|Any CPU
		{FFAED37F-E8F1-4CA7-9C54-A1B71F756FBA}.Debug|Any CPU.ActiveCfg = Debug|Any CPU
		{FFAED37F-E8F1-4CA7-9C54-A1B71F756FBA}.Debug|Any CPU.Build.0 = Debug|Any CPU
		{FFAED37F-E8F1-4CA7-9C54-A1B71F756FBA}.Release|Any CPU.ActiveCfg = Release|Any CPU
		{FFAED37F-E8F1-4CA7-9C54-A1B71F756FBA}.Release|Any CPU.Build.0 = Release|Any CPU
		{86338F04-D451-4A94-994E-9BBA115DCF37}.Debug|Any CPU.ActiveCfg = Debug|Any CPU
		{86338F04-D451-4A94-994E-9BBA115DCF37}.Debug|Any CPU.Build.0 = Debug|Any CPU
		{86338F04-D451-4A94-994E-9BBA115DCF37}.Release|Any CPU.ActiveCfg = Release|Any CPU
		{86338F04-D451-4A94-994E-9BBA115DCF37}.Release|Any CPU.Build.0 = Release|Any CPU
		{3A105A29-EAF6-4533-B5C8-560FE431DE5F}.Debug|Any CPU.ActiveCfg = Debug|Any CPU
		{3A105A29-EAF6-4533-B5C8-560FE431DE5F}.Debug|Any CPU.Build.0 = Debug|Any CPU
		{3A105A29-EAF6-4533-B5C8-560FE431DE5F}.Release|Any CPU.ActiveCfg = Release|Any CPU
		{3A105A29-EAF6-4533-B5C8-560FE431DE5F}.Release|Any CPU.Build.0 = Release|Any CPU
		{C5E50E7C-AD14-4014-A2DB-2F88F9283961}.Debug|Any CPU.ActiveCfg = Debug|Any CPU
		{C5E50E7C-AD14-4014-A2DB-2F88F9283961}.Debug|Any CPU.Build.0 = Debug|Any CPU
		{C5E50E7C-AD14-4014-A2DB-2F88F9283961}.Release|Any CPU.ActiveCfg = Release|Any CPU
		{C5E50E7C-AD14-4014-A2DB-2F88F9283961}.Release|Any CPU.Build.0 = Release|Any CPU
		{956F2C3D-3D6A-4894-8F4B-06685CFA129A}.Debug|Any CPU.ActiveCfg = Debug|Any CPU
		{956F2C3D-3D6A-4894-8F4B-06685CFA129A}.Debug|Any CPU.Build.0 = Debug|Any CPU
		{956F2C3D-3D6A-4894-8F4B-06685CFA129A}.Release|Any CPU.ActiveCfg = Release|Any CPU
		{956F2C3D-3D6A-4894-8F4B-06685CFA129A}.Release|Any CPU.Build.0 = Release|Any CPU
	EndGlobalSection
	GlobalSection(SolutionProperties) = preSolution
		HideSolutionNode = FALSE
	EndGlobalSection
	GlobalSection(ExtensibilityGlobals) = postSolution
		SolutionGuid = {A93DC0A3-B9C4-410B-AF2B-0E3DC5585921}
	EndGlobalSection
EndGlobal
